
Microsoft Visual Studio Solution File, Format Version 12.00
# Visual Studio Version 17
VisualStudioVersion = 17.1.32414.318
MinimumVisualStudioVersion = 10.0.40219.1
Project("{9A19103F-16F7-4668-BE54-9A1E7A4F7556}") = "PluginShared", "src\PluginShared\PluginShared.csproj", "{6368156C-5E52-4D70-A014-58E68F29001C}"
EndProject
Project("{9A19103F-16F7-4668-BE54-9A1E7A4F7556}") = "SqlPlugin", "src\SqlPlugin\SqlPlugin.csproj", "{F78460DD-6478-444D-9887-95AF6E93CE45}"
EndProject
Project("{9A19103F-16F7-4668-BE54-9A1E7A4F7556}") = "HostApp", "src\HostApp\HostApp.csproj", "{938A4AB1-098D-4145-93B3-89E9C5011B47}"
	ProjectSection(ProjectDependencies) = postProject
		{F78460DD-6478-444D-9887-95AF6E93CE45} = {F78460DD-6478-444D-9887-95AF6E93CE45}
	EndProjectSection
EndProject
Global
	GlobalSection(SolutionConfigurationPlatforms) = preSolution
		Debug|Any CPU = Debug|Any CPU
		Release|Any CPU = Release|Any CPU
	EndGlobalSection
	GlobalSection(ProjectConfigurationPlatforms) = postSolution
		{6368156C-5E52-4D70-A014-58E68F29001C}.Debug|Any CPU.ActiveCfg = Debug|Any CPU
		{6368156C-5E52-4D70-A014-58E68F29001C}.Debug|Any CPU.Build.0 = Debug|Any CPU
		{6368156C-5E52-4D70-A014-58E68F29001C}.Release|Any CPU.ActiveCfg = Release|Any CPU
		{6368156C-5E52-4D70-A014-58E68F29001C}.Release|Any CPU.Build.0 = Release|Any CPU
		{F78460DD-6478-444D-9887-95AF6E93CE45}.Debug|Any CPU.ActiveCfg = Debug|Any CPU
		{F78460DD-6478-444D-9887-95AF6E93CE45}.Debug|Any CPU.Build.0 = Debug|Any CPU
		{F78460DD-6478-444D-9887-95AF6E93CE45}.Release|Any CPU.ActiveCfg = Release|Any CPU
		{F78460DD-6478-444D-9887-95AF6E93CE45}.Release|Any CPU.Build.0 = Release|Any CPU
		{938A4AB1-098D-4145-93B3-89E9C5011B47}.Debug|Any CPU.ActiveCfg = Debug|Any CPU
		{938A4AB1-098D-4145-93B3-89E9C5011B47}.Debug|Any CPU.Build.0 = Debug|Any CPU
		{938A4AB1-098D-4145-93B3-89E9C5011B47}.Release|Any CPU.ActiveCfg = Release|Any CPU
		{938A4AB1-098D-4145-93B3-89E9C5011B47}.Release|Any CPU.Build.0 = Release|Any CPU
	EndGlobalSection
	GlobalSection(SolutionProperties) = preSolution
		HideSolutionNode = FALSE
	EndGlobalSection
	GlobalSection(ExtensibilityGlobals) = postSolution
		SolutionGuid = {2059A0E8-F69F-4E27-8245-471B4070B7AE}
	EndGlobalSection
EndGlobal
